
Microsoft Visual Studio Solution File, Format Version 12.00
# Visual Studio Version 16
VisualStudioVersion = 16.0.31515.178
MinimumVisualStudioVersion = 10.0.40219.1
Project("{FAE04EC0-301F-11D3-BF4B-00C04F79EFBC}") = "cadastroFuncionarios", "cadastroFuncionarios.csproj", "{D95ACA66-20B8-46CB-8303-66AE8794674F}"
EndProject
Global
	GlobalSection(SolutionConfigurationPlatforms) = preSolution
		Debug|Any CPU = Debug|Any CPU
		Release|Any CPU = Release|Any CPU
	EndGlobalSection
	GlobalSection(ProjectConfigurationPlatforms) = postSolution
		{D95ACA66-20B8-46CB-8303-66AE8794674F}.Debug|Any CPU.ActiveCfg = Debug|Any CPU
		{D95ACA66-20B8-46CB-8303-66AE8794674F}.Debug|Any CPU.Build.0 = Debug|Any CPU
		{D95ACA66-20B8-46CB-8303-66AE8794674F}.Release|Any CPU.ActiveCfg = Release|Any CPU
		{D95ACA66-20B8-46CB-8303-66AE8794674F}.Release|Any CPU.Build.0 = Release|Any CPU
	EndGlobalSection
	GlobalSection(SolutionProperties) = preSolution
		HideSolutionNode = FALSE
	EndGlobalSection
	GlobalSection(ExtensibilityGlobals) = postSolution
		SolutionGuid = {E7CA4C0F-32A4-4F7D-809B-192F581A361B}
	EndGlobalSection
EndGlobal
